
Microsoft Visual Studio Solution File, Format Version 12.00
# Visual Studio 14
VisualStudioVersion = 14.0.25123.0
MinimumVisualStudioVersion = 10.0.40219.1
Project("{FAE04EC0-301F-11D3-BF4B-00C04F79EFBC}") = "GhostLauncher.Client", "GhostLauncher.Client\GhostLauncher.Client.csproj", "{8EA599FD-31E2-454B-9ACD-373017191B53}"
EndProject
Project("{2150E333-8FDC-42A3-9474-1A3956D46DE8}") = "Client", "Client", "{6B091E3D-6438-48B7-BC1E-41BFEEC515D2}"
EndProject
Project("{2150E333-8FDC-42A3-9474-1A3956D46DE8}") = "MasterServer", "MasterServer", "{D6B156FA-6CE4-40BA-9B01-D006AF852DE6}"
EndProject
Project("{2150E333-8FDC-42A3-9474-1A3956D46DE8}") = "Server", "Server", "{836683D5-B4F7-44AA-AB70-890B8A2E434B}"
EndProject
Project("{2150E333-8FDC-42A3-9474-1A3956D46DE8}") = "Shared", "Shared", "{EB57DE52-518C-4C81-89E6-CB456E467007}"
EndProject
Project("{2150E333-8FDC-42A3-9474-1A3956D46DE8}") = "Unit tests", "Unit tests", "{DE8442FA-3792-46C6-9F5E-3AC082ADD367}"
EndProject
Project("{2150E333-8FDC-42A3-9474-1A3956D46DE8}") = "Integration tests", "Integration tests", "{5D3B8C82-9CB4-426B-A7FF-685F577E4216}"
EndProject
Project("{FAE04EC0-301F-11D3-BF4B-00C04F79EFBC}") = "GhostLauncher.Entities", "GhostLauncher.Entities\GhostLauncher.Entities.csproj", "{D5F35E9F-9000-4272-AE5B-F48F038A71C6}"
EndProject
Project("{FAE04EC0-301F-11D3-BF4B-00C04F79EFBC}") = "GhostLauncher.Core", "GhostLauncher.Core\GhostLauncher.Core.csproj", "{DBA9608B-F53B-45ED-98D0-51DDC81F18AB}"
EndProject
Project("{FAE04EC0-301F-11D3-BF4B-00C04F79EFBC}") = "GhostLauncher.Client.Entities", "GhostLauncher.Client.Entities\GhostLauncher.Client.Entities.csproj", "{8DBC1530-BFD0-49E0-8273-9464FF1827ED}"
EndProject
Project("{FAE04EC0-301F-11D3-BF4B-00C04F79EFBC}") = "GhostLauncher.Client.BL", "GhostLauncher.Client.BL\GhostLauncher.Client.BL.csproj", "{BC81F6EF-7611-4096-A76E-41858BF648D4}"
EndProject
Global
	GlobalSection(SolutionConfigurationPlatforms) = preSolution
		Debug|Any CPU = Debug|Any CPU
		Debug|x86 = Debug|x86
		Release|Any CPU = Release|Any CPU
		Release|x86 = Release|x86
	EndGlobalSection
	GlobalSection(ProjectConfigurationPlatforms) = postSolution
		{8EA599FD-31E2-454B-9ACD-373017191B53}.Debug|Any CPU.ActiveCfg = Debug|Any CPU
		{8EA599FD-31E2-454B-9ACD-373017191B53}.Debug|Any CPU.Build.0 = Debug|Any CPU
		{8EA599FD-31E2-454B-9ACD-373017191B53}.Debug|x86.ActiveCfg = Debug|Any CPU
		{8EA599FD-31E2-454B-9ACD-373017191B53}.Release|Any CPU.ActiveCfg = Release|Any CPU
		{8EA599FD-31E2-454B-9ACD-373017191B53}.Release|Any CPU.Build.0 = Release|Any CPU
		{8EA599FD-31E2-454B-9ACD-373017191B53}.Release|x86.ActiveCfg = Release|Any CPU
		{D5F35E9F-9000-4272-AE5B-F48F038A71C6}.Debug|Any CPU.ActiveCfg = Debug|Any CPU
		{D5F35E9F-9000-4272-AE5B-F48F038A71C6}.Debug|Any CPU.Build.0 = Debug|Any CPU
		{D5F35E9F-9000-4272-AE5B-F48F038A71C6}.Debug|x86.ActiveCfg = Debug|Any CPU
		{D5F35E9F-9000-4272-AE5B-F48F038A71C6}.Release|Any CPU.ActiveCfg = Release|Any CPU
		{D5F35E9F-9000-4272-AE5B-F48F038A71C6}.Release|Any CPU.Build.0 = Release|Any CPU
		{D5F35E9F-9000-4272-AE5B-F48F038A71C6}.Release|x86.ActiveCfg = Release|Any CPU
		{DBA9608B-F53B-45ED-98D0-51DDC81F18AB}.Debug|Any CPU.ActiveCfg = Debug|Any CPU
		{DBA9608B-F53B-45ED-98D0-51DDC81F18AB}.Debug|Any CPU.Build.0 = Debug|Any CPU
		{DBA9608B-F53B-45ED-98D0-51DDC81F18AB}.Debug|x86.ActiveCfg = Debug|Any CPU
		{DBA9608B-F53B-45ED-98D0-51DDC81F18AB}.Release|Any CPU.ActiveCfg = Release|Any CPU
		{DBA9608B-F53B-45ED-98D0-51DDC81F18AB}.Release|Any CPU.Build.0 = Release|Any CPU
		{DBA9608B-F53B-45ED-98D0-51DDC81F18AB}.Release|x86.ActiveCfg = Release|Any CPU
		{8DBC1530-BFD0-49E0-8273-9464FF1827ED}.Debug|Any CPU.ActiveCfg = Debug|Any CPU
		{8DBC1530-BFD0-49E0-8273-9464FF1827ED}.Debug|Any CPU.Build.0 = Debug|Any CPU
		{8DBC1530-BFD0-49E0-8273-9464FF1827ED}.Debug|x86.ActiveCfg = Debug|Any CPU
		{8DBC1530-BFD0-49E0-8273-9464FF1827ED}.Release|Any CPU.ActiveCfg = Release|Any CPU
		{8DBC1530-BFD0-49E0-8273-9464FF1827ED}.Release|Any CPU.Build.0 = Release|Any CPU
		{8DBC1530-BFD0-49E0-8273-9464FF1827ED}.Release|x86.ActiveCfg = Release|Any CPU
		{BC81F6EF-7611-4096-A76E-41858BF648D4}.Debug|Any CPU.ActiveCfg = Debug|Any CPU
		{BC81F6EF-7611-4096-A76E-41858BF648D4}.Debug|Any CPU.Build.0 = Debug|Any CPU
		{BC81F6EF-7611-4096-A76E-41858BF648D4}.Debug|x86.ActiveCfg = Debug|Any CPU
		{BC81F6EF-7611-4096-A76E-41858BF648D4}.Release|Any CPU.ActiveCfg = Release|Any CPU
		{BC81F6EF-7611-4096-A76E-41858BF648D4}.Release|Any CPU.Build.0 = Release|Any CPU
		{BC81F6EF-7611-4096-A76E-41858BF648D4}.Release|x86.ActiveCfg = Release|Any CPU
	EndGlobalSection
	GlobalSection(SolutionProperties) = preSolution
		HideSolutionNode = FALSE
	EndGlobalSection
	GlobalSection(NestedProjects) = preSolution
		{8EA599FD-31E2-454B-9ACD-373017191B53} = {6B091E3D-6438-48B7-BC1E-41BFEEC515D2}
		{D5F35E9F-9000-4272-AE5B-F48F038A71C6} = {EB57DE52-518C-4C81-89E6-CB456E467007}
		{DBA9608B-F53B-45ED-98D0-51DDC81F18AB} = {EB57DE52-518C-4C81-89E6-CB456E467007}
		{8DBC1530-BFD0-49E0-8273-9464FF1827ED} = {6B091E3D-6438-48B7-BC1E-41BFEEC515D2}
		{BC81F6EF-7611-4096-A76E-41858BF648D4} = {6B091E3D-6438-48B7-BC1E-41BFEEC515D2}
	EndGlobalSection
EndGlobal
